
Microsoft Visual Studio Solution File, Format Version 12.00
# Visual Studio Version 17
VisualStudioVersion = 17.2.32630.192
MinimumVisualStudioVersion = 10.0.40219.1
Project("{FAE04EC0-301F-11D3-BF4B-00C04F79EFBC}") = "SmartSchool", "SmartSchool\SmartSchool.csproj", "{3FD0C1A1-6C74-4518-BA03-C376129421AD}"
EndProject
Global
	GlobalSection(SolutionConfigurationPlatforms) = preSolution
		Debug|Any CPU = Debug|Any CPU
		Release|Any CPU = Release|Any CPU
	EndGlobalSection
	GlobalSection(ProjectConfigurationPlatforms) = postSolution
		{3FD0C1A1-6C74-4518-BA03-C376129421AD}.Debug|Any CPU.ActiveCfg = Debug|Any CPU
		{3FD0C1A1-6C74-4518-BA03-C376129421AD}.Debug|Any CPU.Build.0 = Debug|Any CPU
		{3FD0C1A1-6C74-4518-BA03-C376129421AD}.Release|Any CPU.ActiveCfg = Release|Any CPU
		{3FD0C1A1-6C74-4518-BA03-C376129421AD}.Release|Any CPU.Build.0 = Release|Any CPU
	EndGlobalSection
	GlobalSection(SolutionProperties) = preSolution
		HideSolutionNode = FALSE
	EndGlobalSection
	GlobalSection(ExtensibilityGlobals) = postSolution
		SolutionGuid = {48FDBB40-DAE7-4709-9CFA-8B0A2E08D06A}
	EndGlobalSection
EndGlobal
